
Microsoft Visual Studio Solution File, Format Version 12.00
# Visual Studio 15
VisualStudioVersion = 15.0.28307.421
MinimumVisualStudioVersion = 10.0.40219.1
Project("{FAE04EC0-301F-11D3-BF4B-00C04F79EFBC}") = "MVCPhone", "MVCPhone\MVCPhone.csproj", "{D8DE84C1-4047-4610-99B1-B286FB5EBD36}"
EndProject
Project("{FAE04EC0-301F-11D3-BF4B-00C04F79EFBC}") = "apiPhone", "apiPhone\apiPhone.csproj", "{7DE9E978-FAA6-4163-879B-B5BE35E19444}"
EndProject
Project("{FAE04EC0-301F-11D3-BF4B-00C04F79EFBC}") = "AppPhone.Android", "AppPhone\AppPhone.Android\AppPhone.Android.csproj", "{EA4A3F25-5EBC-4F50-A6F5-405FC045D4BA}"
EndProject
Project("{FAE04EC0-301F-11D3-BF4B-00C04F79EFBC}") = "AppPhone.iOS", "AppPhone\AppPhone.iOS\AppPhone.iOS.csproj", "{CC71EC06-D9B6-40E4-8714-9DE1858CB27E}"
EndProject
Project("{9A19103F-16F7-4668-BE54-9A1E7A4F7556}") = "AppPhone", "AppPhone\AppPhone\AppPhone.csproj", "{A298D0DC-5F0D-4FE6-95CE-829765849955}"
EndProject
Project("{FAE04EC0-301F-11D3-BF4B-00C04F79EFBC}") = "apiPhoneSecurity", "apiPhoneSecurity\apiPhoneSecurity.csproj", "{3CFFC87F-0BB8-4FEC-9E94-F769FF7DFA9C}"
EndProject
Global
	GlobalSection(SolutionConfigurationPlatforms) = preSolution
		Ad-Hoc|Any CPU = Ad-Hoc|Any CPU
		Ad-Hoc|iPhone = Ad-Hoc|iPhone
		Ad-Hoc|iPhoneSimulator = Ad-Hoc|iPhoneSimulator
		AppStore|Any CPU = AppStore|Any CPU
		AppStore|iPhone = AppStore|iPhone
		AppStore|iPhoneSimulator = AppStore|iPhoneSimulator
		Debug|Any CPU = Debug|Any CPU
		Debug|iPhone = Debug|iPhone
		Debug|iPhoneSimulator = Debug|iPhoneSimulator
		Release|Any CPU = Release|Any CPU
		Release|iPhone = Release|iPhone
		Release|iPhoneSimulator = Release|iPhoneSimulator
	EndGlobalSection
	GlobalSection(ProjectConfigurationPlatforms) = postSolution
		{D8DE84C1-4047-4610-99B1-B286FB5EBD36}.Ad-Hoc|Any CPU.ActiveCfg = Release|Any CPU
		{D8DE84C1-4047-4610-99B1-B286FB5EBD36}.Ad-Hoc|Any CPU.Build.0 = Release|Any CPU
		{D8DE84C1-4047-4610-99B1-B286FB5EBD36}.Ad-Hoc|iPhone.ActiveCfg = Release|Any CPU
		{D8DE84C1-4047-4610-99B1-B286FB5EBD36}.Ad-Hoc|iPhone.Build.0 = Release|Any CPU
		{D8DE84C1-4047-4610-99B1-B286FB5EBD36}.Ad-Hoc|iPhoneSimulator.ActiveCfg = Release|Any CPU
		{D8DE84C1-4047-4610-99B1-B286FB5EBD36}.Ad-Hoc|iPhoneSimulator.Build.0 = Release|Any CPU
		{D8DE84C1-4047-4610-99B1-B286FB5EBD36}.AppStore|Any CPU.ActiveCfg = Release|Any CPU
		{D8DE84C1-4047-4610-99B1-B286FB5EBD36}.AppStore|Any CPU.Build.0 = Release|Any CPU
		{D8DE84C1-4047-4610-99B1-B286FB5EBD36}.AppStore|iPhone.ActiveCfg = Release|Any CPU
		{D8DE84C1-4047-4610-99B1-B286FB5EBD36}.AppStore|iPhone.Build.0 = Release|Any CPU
		{D8DE84C1-4047-4610-99B1-B286FB5EBD36}.AppStore|iPhoneSimulator.ActiveCfg = Release|Any CPU
		{D8DE84C1-4047-4610-99B1-B286FB5EBD36}.AppStore|iPhoneSimulator.Build.0 = Release|Any CPU
		{D8DE84C1-4047-4610-99B1-B286FB5EBD36}.Debug|Any CPU.ActiveCfg = Debug|Any CPU
		{D8DE84C1-4047-4610-99B1-B286FB5EBD36}.Debug|Any CPU.Build.0 = Debug|Any CPU
		{D8DE84C1-4047-4610-99B1-B286FB5EBD36}.Debug|iPhone.ActiveCfg = Debug|Any CPU
		{D8DE84C1-4047-4610-99B1-B286FB5EBD36}.Debug|iPhone.Build.0 = Debug|Any CPU
		{D8DE84C1-4047-4610-99B1-B286FB5EBD36}.Debug|iPhoneSimulator.ActiveCfg = Debug|Any CPU
		{D8DE84C1-4047-4610-99B1-B286FB5EBD36}.Debug|iPhoneSimulator.Build.0 = Debug|Any CPU
		{D8DE84C1-4047-4610-99B1-B286FB5EBD36}.Release|Any CPU.ActiveCfg = Release|Any CPU
		{D8DE84C1-4047-4610-99B1-B286FB5EBD36}.Release|Any CPU.Build.0 = Release|Any CPU
		{D8DE84C1-4047-4610-99B1-B286FB5EBD36}.Release|iPhone.ActiveCfg = Release|Any CPU
		{D8DE84C1-4047-4610-99B1-B286FB5EBD36}.Release|iPhone.Build.0 = Release|Any CPU
		{D8DE84C1-4047-4610-99B1-B286FB5EBD36}.Release|iPhoneSimulator.ActiveCfg = Release|Any CPU
		{D8DE84C1-4047-4610-99B1-B286FB5EBD36}.Release|iPhoneSimulator.Build.0 = Release|Any CPU
		{7DE9E978-FAA6-4163-879B-B5BE35E19444}.Ad-Hoc|Any CPU.ActiveCfg = Release|Any CPU
		{7DE9E978-FAA6-4163-879B-B5BE35E19444}.Ad-Hoc|Any CPU.Build.0 = Release|Any CPU
		{7DE9E978-FAA6-4163-879B-B5BE35E19444}.Ad-Hoc|iPhone.ActiveCfg = Release|Any CPU
		{7DE9E978-FAA6-4163-879B-B5BE35E19444}.Ad-Hoc|iPhone.Build.0 = Release|Any CPU
		{7DE9E978-FAA6-4163-879B-B5BE35E19444}.Ad-Hoc|iPhoneSimulator.ActiveCfg = Release|Any CPU
		{7DE9E978-FAA6-4163-879B-B5BE35E19444}.Ad-Hoc|iPhoneSimulator.Build.0 = Release|Any CPU
		{7DE9E978-FAA6-4163-879B-B5BE35E19444}.AppStore|Any CPU.ActiveCfg = Release|Any CPU
		{7DE9E978-FAA6-4163-879B-B5BE35E19444}.AppStore|Any CPU.Build.0 = Release|Any CPU
		{7DE9E978-FAA6-4163-879B-B5BE35E19444}.AppStore|iPhone.ActiveCfg = Release|Any CPU
		{7DE9E978-FAA6-4163-879B-B5BE35E19444}.AppStore|iPhone.Build.0 = Release|Any CPU
		{7DE9E978-FAA6-4163-879B-B5BE35E19444}.AppStore|iPhoneSimulator.ActiveCfg = Release|Any CPU
		{7DE9E978-FAA6-4163-879B-B5BE35E19444}.AppStore|iPhoneSimulator.Build.0 = Release|Any CPU
		{7DE9E978-FAA6-4163-879B-B5BE35E19444}.Debug|Any CPU.ActiveCfg = Debug|Any CPU
		{7DE9E978-FAA6-4163-879B-B5BE35E19444}.Debug|Any CPU.Build.0 = Debug|Any CPU
		{7DE9E978-FAA6-4163-879B-B5BE35E19444}.Debug|iPhone.ActiveCfg = Debug|Any CPU
		{7DE9E978-FAA6-4163-879B-B5BE35E19444}.Debug|iPhone.Build.0 = Debug|Any CPU
		{7DE9E978-FAA6-4163-879B-B5BE35E19444}.Debug|iPhoneSimulator.ActiveCfg = Debug|Any CPU
		{7DE9E978-FAA6-4163-879B-B5BE35E19444}.Debug|iPhoneSimulator.Build.0 = Debug|Any CPU
		{7DE9E978-FAA6-4163-879B-B5BE35E19444}.Release|Any CPU.ActiveCfg = Release|Any CPU
		{7DE9E978-FAA6-4163-879B-B5BE35E19444}.Release|Any CPU.Build.0 = Release|Any CPU
		{7DE9E978-FAA6-4163-879B-B5BE35E19444}.Release|iPhone.ActiveCfg = Release|Any CPU
		{7DE9E978-FAA6-4163-879B-B5BE35E19444}.Release|iPhone.Build.0 = Release|Any CPU
		{7DE9E978-FAA6-4163-879B-B5BE35E19444}.Release|iPhoneSimulator.ActiveCfg = Release|Any CPU
		{7DE9E978-FAA6-4163-879B-B5BE35E19444}.Release|iPhoneSimulator.Build.0 = Release|Any CPU
		{EA4A3F25-5EBC-4F50-A6F5-405FC045D4BA}.Ad-Hoc|Any CPU.ActiveCfg = Release|Any CPU
		{EA4A3F25-5EBC-4F50-A6F5-405FC045D4BA}.Ad-Hoc|Any CPU.Build.0 = Release|Any CPU
		{EA4A3F25-5EBC-4F50-A6F5-405FC045D4BA}.Ad-Hoc|Any CPU.Deploy.0 = Release|Any CPU
		{EA4A3F25-5EBC-4F50-A6F5-405FC045D4BA}.Ad-Hoc|iPhone.ActiveCfg = Release|Any CPU
		{EA4A3F25-5EBC-4F50-A6F5-405FC045D4BA}.Ad-Hoc|iPhone.Build.0 = Release|Any CPU
		{EA4A3F25-5EBC-4F50-A6F5-405FC045D4BA}.Ad-Hoc|iPhone.Deploy.0 = Release|Any CPU
		{EA4A3F25-5EBC-4F50-A6F5-405FC045D4BA}.Ad-Hoc|iPhoneSimulator.ActiveCfg = Release|Any CPU
		{EA4A3F25-5EBC-4F50-A6F5-405FC045D4BA}.Ad-Hoc|iPhoneSimulator.Build.0 = Release|Any CPU
		{EA4A3F25-5EBC-4F50-A6F5-405FC045D4BA}.Ad-Hoc|iPhoneSimulator.Deploy.0 = Release|Any CPU
		{EA4A3F25-5EBC-4F50-A6F5-405FC045D4BA}.AppStore|Any CPU.ActiveCfg = Release|Any CPU
		{EA4A3F25-5EBC-4F50-A6F5-405FC045D4BA}.AppStore|Any CPU.Build.0 = Release|Any CPU
		{EA4A3F25-5EBC-4F50-A6F5-405FC045D4BA}.AppStore|Any CPU.Deploy.0 = Release|Any CPU
		{EA4A3F25-5EBC-4F50-A6F5-405FC045D4BA}.AppStore|iPhone.ActiveCfg = Release|Any CPU
		{EA4A3F25-5EBC-4F50-A6F5-405FC045D4BA}.AppStore|iPhone.Build.0 = Release|Any CPU
		{EA4A3F25-5EBC-4F50-A6F5-405FC045D4BA}.AppStore|iPhone.Deploy.0 = Release|Any CPU
		{EA4A3F25-5EBC-4F50-A6F5-405FC045D4BA}.AppStore|iPhoneSimulator.ActiveCfg = Release|Any CPU
		{EA4A3F25-5EBC-4F50-A6F5-405FC045D4BA}.AppStore|iPhoneSimulator.Build.0 = Release|Any CPU
		{EA4A3F25-5EBC-4F50-A6F5-405FC045D4BA}.AppStore|iPhoneSimulator.Deploy.0 = Release|Any CPU
		{EA4A3F25-5EBC-4F50-A6F5-405FC045D4BA}.Debug|Any CPU.ActiveCfg = Debug|Any CPU
		{EA4A3F25-5EBC-4F50-A6F5-405FC045D4BA}.Debug|Any CPU.Build.0 = Debug|Any CPU
		{EA4A3F25-5EBC-4F50-A6F5-405FC045D4BA}.Debug|Any CPU.Deploy.0 = Debug|Any CPU
		{EA4A3F25-5EBC-4F50-A6F5-405FC045D4BA}.Debug|iPhone.ActiveCfg = Debug|Any CPU
		{EA4A3F25-5EBC-4F50-A6F5-405FC045D4BA}.Debug|iPhone.Build.0 = Debug|Any CPU
		{EA4A3F25-5EBC-4F50-A6F5-405FC045D4BA}.Debug|iPhone.Deploy.0 = Debug|Any CPU
		{EA4A3F25-5EBC-4F50-A6F5-405FC045D4BA}.Debug|iPhoneSimulator.ActiveCfg = Debug|Any CPU
		{EA4A3F25-5EBC-4F50-A6F5-405FC045D4BA}.Debug|iPhoneSimulator.Build.0 = Debug|Any CPU
		{EA4A3F25-5EBC-4F50-A6F5-405FC045D4BA}.Debug|iPhoneSimulator.Deploy.0 = Debug|Any CPU
		{EA4A3F25-5EBC-4F50-A6F5-405FC045D4BA}.Release|Any CPU.ActiveCfg = Release|Any CPU
		{EA4A3F25-5EBC-4F50-A6F5-405FC045D4BA}.Release|Any CPU.Build.0 = Release|Any CPU
		{EA4A3F25-5EBC-4F50-A6F5-405FC045D4BA}.Release|Any CPU.Deploy.0 = Release|Any CPU
		{EA4A3F25-5EBC-4F50-A6F5-405FC045D4BA}.Release|iPhone.ActiveCfg = Release|Any CPU
		{EA4A3F25-5EBC-4F50-A6F5-405FC045D4BA}.Release|iPhone.Build.0 = Release|Any CPU
		{EA4A3F25-5EBC-4F50-A6F5-405FC045D4BA}.Release|iPhone.Deploy.0 = Release|Any CPU
		{EA4A3F25-5EBC-4F50-A6F5-405FC045D4BA}.Release|iPhoneSimulator.ActiveCfg = Release|Any CPU
		{EA4A3F25-5EBC-4F50-A6F5-405FC045D4BA}.Release|iPhoneSimulator.Build.0 = Release|Any CPU
		{EA4A3F25-5EBC-4F50-A6F5-405FC045D4BA}.Release|iPhoneSimulator.Deploy.0 = Release|Any CPU
		{CC71EC06-D9B6-40E4-8714-9DE1858CB27E}.Ad-Hoc|Any CPU.ActiveCfg = Ad-Hoc|iPhone
		{CC71EC06-D9B6-40E4-8714-9DE1858CB27E}.Ad-Hoc|iPhone.ActiveCfg = Ad-Hoc|iPhone
		{CC71EC06-D9B6-40E4-8714-9DE1858CB27E}.Ad-Hoc|iPhone.Build.0 = Ad-Hoc|iPhone
		{CC71EC06-D9B6-40E4-8714-9DE1858CB27E}.Ad-Hoc|iPhoneSimulator.ActiveCfg = Ad-Hoc|iPhoneSimulator
		{CC71EC06-D9B6-40E4-8714-9DE1858CB27E}.Ad-Hoc|iPhoneSimulator.Build.0 = Ad-Hoc|iPhoneSimulator
		{CC71EC06-D9B6-40E4-8714-9DE1858CB27E}.AppStore|Any CPU.ActiveCfg = AppStore|iPhone
		{CC71EC06-D9B6-40E4-8714-9DE1858CB27E}.AppStore|iPhone.ActiveCfg = AppStore|iPhone
		{CC71EC06-D9B6-40E4-8714-9DE1858CB27E}.AppStore|iPhone.Build.0 = AppStore|iPhone
		{CC71EC06-D9B6-40E4-8714-9DE1858CB27E}.AppStore|iPhoneSimulator.ActiveCfg = AppStore|iPhoneSimulator
		{CC71EC06-D9B6-40E4-8714-9DE1858CB27E}.AppStore|iPhoneSimulator.Build.0 = AppStore|iPhoneSimulator
		{CC71EC06-D9B6-40E4-8714-9DE1858CB27E}.Debug|Any CPU.ActiveCfg = Debug|iPhone
		{CC71EC06-D9B6-40E4-8714-9DE1858CB27E}.Debug|iPhone.ActiveCfg = Debug|iPhone
		{CC71EC06-D9B6-40E4-8714-9DE1858CB27E}.Debug|iPhone.Build.0 = Debug|iPhone
		{CC71EC06-D9B6-40E4-8714-9DE1858CB27E}.Debug|iPhoneSimulator.ActiveCfg = Debug|iPhoneSimulator
		{CC71EC06-D9B6-40E4-8714-9DE1858CB27E}.Debug|iPhoneSimulator.Build.0 = Debug|iPhoneSimulator
		{CC71EC06-D9B6-40E4-8714-9DE1858CB27E}.Release|Any CPU.ActiveCfg = Release|iPhone
		{CC71EC06-D9B6-40E4-8714-9DE1858CB27E}.Release|iPhone.ActiveCfg = Release|iPhone
		{CC71EC06-D9B6-40E4-8714-9DE1858CB27E}.Release|iPhone.Build.0 = Release|iPhone
		{CC71EC06-D9B6-40E4-8714-9DE1858CB27E}.Release|iPhoneSimulator.ActiveCfg = Release|iPhoneSimulator
		{CC71EC06-D9B6-40E4-8714-9DE1858CB27E}.Release|iPhoneSimulator.Build.0 = Release|iPhoneSimulator
		{A298D0DC-5F0D-4FE6-95CE-829765849955}.Ad-Hoc|Any CPU.ActiveCfg = Debug|Any CPU
		{A298D0DC-5F0D-4FE6-95CE-829765849955}.Ad-Hoc|Any CPU.Build.0 = Debug|Any CPU
		{A298D0DC-5F0D-4FE6-95CE-829765849955}.Ad-Hoc|iPhone.ActiveCfg = Debug|Any CPU
		{A298D0DC-5F0D-4FE6-95CE-829765849955}.Ad-Hoc|iPhone.Build.0 = Debug|Any CPU
		{A298D0DC-5F0D-4FE6-95CE-829765849955}.Ad-Hoc|iPhoneSimulator.ActiveCfg = Debug|Any CPU
		{A298D0DC-5F0D-4FE6-95CE-829765849955}.Ad-Hoc|iPhoneSimulator.Build.0 = Debug|Any CPU
		{A298D0DC-5F0D-4FE6-95CE-829765849955}.AppStore|Any CPU.ActiveCfg = Debug|Any CPU
		{A298D0DC-5F0D-4FE6-95CE-829765849955}.AppStore|Any CPU.Build.0 = Debug|Any CPU
		{A298D0DC-5F0D-4FE6-95CE-829765849955}.AppStore|iPhone.ActiveCfg = Debug|Any CPU
		{A298D0DC-5F0D-4FE6-95CE-829765849955}.AppStore|iPhone.Build.0 = Debug|Any CPU
		{A298D0DC-5F0D-4FE6-95CE-829765849955}.AppStore|iPhoneSimulator.ActiveCfg = Debug|Any CPU
		{A298D0DC-5F0D-4FE6-95CE-829765849955}.AppStore|iPhoneSimulator.Build.0 = Debug|Any CPU
		{A298D0DC-5F0D-4FE6-95CE-829765849955}.Debug|Any CPU.ActiveCfg = Debug|Any CPU
		{A298D0DC-5F0D-4FE6-95CE-829765849955}.Debug|Any CPU.Build.0 = Debug|Any CPU
		{A298D0DC-5F0D-4FE6-95CE-829765849955}.Debug|iPhone.ActiveCfg = Debug|Any CPU
		{A298D0DC-5F0D-4FE6-95CE-829765849955}.Debug|iPhone.Build.0 = Debug|Any CPU
		{A298D0DC-5F0D-4FE6-95CE-829765849955}.Debug|iPhoneSimulator.ActiveCfg = Debug|Any CPU
		{A298D0DC-5F0D-4FE6-95CE-829765849955}.Debug|iPhoneSimulator.Build.0 = Debug|Any CPU
		{A298D0DC-5F0D-4FE6-95CE-829765849955}.Release|Any CPU.ActiveCfg = Release|Any CPU
		{A298D0DC-5F0D-4FE6-95CE-829765849955}.Release|Any CPU.Build.0 = Release|Any CPU
		{A298D0DC-5F0D-4FE6-95CE-829765849955}.Release|iPhone.ActiveCfg = Release|Any CPU
		{A298D0DC-5F0D-4FE6-95CE-829765849955}.Release|iPhone.Build.0 = Release|Any CPU
		{A298D0DC-5F0D-4FE6-95CE-829765849955}.Release|iPhoneSimulator.ActiveCfg = Release|Any CPU
		{A298D0DC-5F0D-4FE6-95CE-829765849955}.Release|iPhoneSimulator.Build.0 = Release|Any CPU
		{3CFFC87F-0BB8-4FEC-9E94-F769FF7DFA9C}.Ad-Hoc|Any CPU.ActiveCfg = Release|Any CPU
		{3CFFC87F-0BB8-4FEC-9E94-F769FF7DFA9C}.Ad-Hoc|Any CPU.Build.0 = Release|Any CPU
		{3CFFC87F-0BB8-4FEC-9E94-F769FF7DFA9C}.Ad-Hoc|iPhone.ActiveCfg = Release|Any CPU
		{3CFFC87F-0BB8-4FEC-9E94-F769FF7DFA9C}.Ad-Hoc|iPhone.Build.0 = Release|Any CPU
		{3CFFC87F-0BB8-4FEC-9E94-F769FF7DFA9C}.Ad-Hoc|iPhoneSimulator.ActiveCfg = Release|Any CPU
		{3CFFC87F-0BB8-4FEC-9E94-F769FF7DFA9C}.Ad-Hoc|iPhoneSimulator.Build.0 = Release|Any CPU
		{3CFFC87F-0BB8-4FEC-9E94-F769FF7DFA9C}.AppStore|Any CPU.ActiveCfg = Release|Any CPU
		{3CFFC87F-0BB8-4FEC-9E94-F769FF7DFA9C}.AppStore|Any CPU.Build.0 = Release|Any CPU
		{3CFFC87F-0BB8-4FEC-9E94-F769FF7DFA9C}.AppStore|iPhone.ActiveCfg = Release|Any CPU
		{3CFFC87F-0BB8-4FEC-9E94-F769FF7DFA9C}.AppStore|iPhone.Build.0 = Release|Any CPU
		{3CFFC87F-0BB8-4FEC-9E94-F769FF7DFA9C}.AppStore|iPhoneSimulator.ActiveCfg = Release|Any CPU
		{3CFFC87F-0BB8-4FEC-9E94-F769FF7DFA9C}.AppStore|iPhoneSimulator.Build.0 = Release|Any CPU
		{3CFFC87F-0BB8-4FEC-9E94-F769FF7DFA9C}.Debug|Any CPU.ActiveCfg = Debug|Any CPU
		{3CFFC87F-0BB8-4FEC-9E94-F769FF7DFA9C}.Debug|Any CPU.Build.0 = Debug|Any CPU
		{3CFFC87F-0BB8-4FEC-9E94-F769FF7DFA9C}.Debug|iPhone.ActiveCfg = Debug|Any CPU
		{3CFFC87F-0BB8-4FEC-9E94-F769FF7DFA9C}.Debug|iPhone.Build.0 = Debug|Any CPU
		{3CFFC87F-0BB8-4FEC-9E94-F769FF7DFA9C}.Debug|iPhoneSimulator.ActiveCfg = Debug|Any CPU
		{3CFFC87F-0BB8-4FEC-9E94-F769FF7DFA9C}.Debug|iPhoneSimulator.Build.0 = Debug|Any CPU
		{3CFFC87F-0BB8-4FEC-9E94-F769FF7DFA9C}.Release|Any CPU.ActiveCfg = Release|Any CPU
		{3CFFC87F-0BB8-4FEC-9E94-F769FF7DFA9C}.Release|Any CPU.Build.0 = Release|Any CPU
		{3CFFC87F-0BB8-4FEC-9E94-F769FF7DFA9C}.Release|iPhone.ActiveCfg = Release|Any CPU
		{3CFFC87F-0BB8-4FEC-9E94-F769FF7DFA9C}.Release|iPhone.Build.0 = Release|Any CPU
		{3CFFC87F-0BB8-4FEC-9E94-F769FF7DFA9C}.Release|iPhoneSimulator.ActiveCfg = Release|Any CPU
		{3CFFC87F-0BB8-4FEC-9E94-F769FF7DFA9C}.Release|iPhoneSimulator.Build.0 = Release|Any CPU
	EndGlobalSection
	GlobalSection(SolutionProperties) = preSolution
		HideSolutionNode = FALSE
	EndGlobalSection
	GlobalSection(ExtensibilityGlobals) = postSolution
		SolutionGuid = {C3B94D41-B847-45BE-87F0-969DB8EA5723}
	EndGlobalSection
EndGlobal
